// !$*UTF8*$!
{
	archiveVersion = 1;
	classes = {
	};
	objectVersion = 50;
	objects = {

/* Begin PBXBuildFile section */
		2E0665FF233BB1D600B8275C /* AppDelegate.swift in Sources */ = {isa = PBXBuildFile; fileRef = 2E0665FE233BB1D600B8275C /* AppDelegate.swift */; };
		2E066601233BB1D600B8275C /* MainViewController.swift in Sources */ = {isa = PBXBuildFile; fileRef = 2E066600233BB1D600B8275C /* MainViewController.swift */; };
		2E066606233BB1D900B8275C /* Assets.xcassets in Resources */ = {isa = PBXBuildFile; fileRef = 2E066605233BB1D900B8275C /* Assets.xcassets */; };
		2E066609233BB1D900B8275C /* LaunchScreen.storyboard in Resources */ = {isa = PBXBuildFile; fileRef = 2E066607233BB1D900B8275C /* LaunchScreen.storyboard */; };
		2E066613233BB64F00B8275C /* SnapKit.framework in Frameworks */ = {isa = PBXBuildFile; fileRef = 2E066612233BB64F00B8275C /* SnapKit.framework */; };
		2EB60338233CAC9700B24E0A /* TaskLists.swift in Sources */ = {isa = PBXBuildFile; fileRef = 2EB60337233CAC9700B24E0A /* TaskLists.swift */; };
		2EB6033A233CACA500B24E0A /* Task.swift in Sources */ = {isa = PBXBuildFile; fileRef = 2EB60339233CACA500B24E0A /* Task.swift */; };
		2EB6033C233CB43300B24E0A /* Realm.framework in Frameworks */ = {isa = PBXBuildFile; fileRef = 2EB6033B233CB43300B24E0A /* Realm.framework */; };
		2EB6033E233CB44300B24E0A /* RealmSwift.framework in Frameworks */ = {isa = PBXBuildFile; fileRef = 2EB6033D233CB44300B24E0A /* RealmSwift.framework */; };
		2EB60340233CC9B400B24E0A /* StorageManager.swift in Sources */ = {isa = PBXBuildFile; fileRef = 2EB6033F233CC9B400B24E0A /* StorageManager.swift */; };
/* End PBXBuildFile section */

/* Begin PBXFileReference section */
		2E0665FB233BB1D600B8275C /* WorkWithRealm.app */ = {isa = PBXFileReference; explicitFileType = wrapper.application; includeInIndex = 0; path = WorkWithRealm.app; sourceTree = BUILT_PRODUCTS_DIR; };
		2E0665FE233BB1D600B8275C /* AppDelegate.swift */ = {isa = PBXFileReference; lastKnownFileType = sourcecode.swift; path = AppDelegate.swift; sourceTree = "<group>"; };
		2E066600233BB1D600B8275C /* MainViewController.swift */ = {isa = PBXFileReference; lastKnownFileType = sourcecode.swift; path = MainViewController.swift; sourceTree = "<group>"; };
		2E066605233BB1D900B8275C /* Assets.xcassets */ = {isa = PBXFileReference; lastKnownFileType = folder.assetcatalog; path = Assets.xcassets; sourceTree = "<group>"; };
		2E066608233BB1D900B8275C /* Base */ = {isa = PBXFileReference; lastKnownFileType = file.storyboard; name = Base; path = Base.lproj/LaunchScreen.storyboard; sourceTree = "<group>"; };
		2E06660A233BB1D900B8275C /* Info.plist */ = {isa = PBXFileReference; lastKnownFileType = text.plist.xml; path = Info.plist; sourceTree = "<group>"; };
		2E066612233BB64F00B8275C /* SnapKit.framework */ = {isa = PBXFileReference; lastKnownFileType = wrapper.framework; name = SnapKit.framework; path = Carthage/Build/iOS/SnapKit.framework; sourceTree = "<group>"; };
		2EB60337233CAC9700B24E0A /* TaskLists.swift */ = {isa = PBXFileReference; lastKnownFileType = sourcecode.swift; path = TaskLists.swift; sourceTree = "<group>"; };
		2EB60339233CACA500B24E0A /* Task.swift */ = {isa = PBXFileReference; lastKnownFileType = sourcecode.swift; path = Task.swift; sourceTree = "<group>"; };
		2EB6033B233CB43300B24E0A /* Realm.framework */ = {isa = PBXFileReference; lastKnownFileType = wrapper.framework; name = Realm.framework; path = Carthage/Build/iOS/Realm.framework; sourceTree = "<group>"; };
		2EB6033D233CB44300B24E0A /* RealmSwift.framework */ = {isa = PBXFileReference; lastKnownFileType = wrapper.framework; name = RealmSwift.framework; path = Carthage/Build/iOS/RealmSwift.framework; sourceTree = "<group>"; };
		2EB6033F233CC9B400B24E0A /* StorageManager.swift */ = {isa = PBXFileReference; lastKnownFileType = sourcecode.swift; path = StorageManager.swift; sourceTree = "<group>"; };
/* End PBXFileReference section */

/* Begin PBXFrameworksBuildPhase section */
		2E0665F8233BB1D600B8275C /* Frameworks */ = {
			isa = PBXFrameworksBuildPhase;
			buildActionMask = 2147483647;
			files = (
				2EB6033E233CB44300B24E0A /* RealmSwift.framework in Frameworks */,
				2EB6033C233CB43300B24E0A /* Realm.framework in Frameworks */,
				2E066613233BB64F00B8275C /* SnapKit.framework in Frameworks */,
			);
			runOnlyForDeploymentPostprocessing = 0;
		};
/* End PBXFrameworksBuildPhase section */

/* Begin PBXGroup section */
		2E0665F2233BB1D600B8275C = {
			isa = PBXGroup;
			children = (
				2E0665FD233BB1D600B8275C /* WorkWithRealm */,
				2E0665FC233BB1D600B8275C /* Products */,
				2E066611233BB64F00B8275C /* Frameworks */,
			);
			sourceTree = "<group>";
		};
		2E0665FC233BB1D600B8275C /* Products */ = {
			isa = PBXGroup;
			children = (
				2E0665FB233BB1D600B8275C /* WorkWithRealm.app */,
			);
			name = Products;
			sourceTree = "<group>";
		};
		2E0665FD233BB1D600B8275C /* WorkWithRealm */ = {
			isa = PBXGroup;
			children = (
				2E0665FE233BB1D600B8275C /* AppDelegate.swift */,
				2E066600233BB1D600B8275C /* MainViewController.swift */,
				2EB6033F233CC9B400B24E0A /* StorageManager.swift */,
				2EB60337233CAC9700B24E0A /* TaskLists.swift */,
				2EB60339233CACA500B24E0A /* Task.swift */,
				2E066605233BB1D900B8275C /* Assets.xcassets */,
				2E066607233BB1D900B8275C /* LaunchScreen.storyboard */,
				2E06660A233BB1D900B8275C /* Info.plist */,
			);
			path = WorkWithRealm;
			sourceTree = "<group>";
		};
		2E066611233BB64F00B8275C /* Frameworks */ = {
			isa = PBXGroup;
			children = (
				2EB6033D233CB44300B24E0A /* RealmSwift.framework */,
				2EB6033B233CB43300B24E0A /* Realm.framework */,
				2E066612233BB64F00B8275C /* SnapKit.framework */,
			);
			name = Frameworks;
			sourceTree = "<group>";
		};
/* End PBXGroup section */

/* Begin PBXNativeTarget section */
		2E0665FA233BB1D600B8275C /* WorkWithRealm */ = {
			isa = PBXNativeTarget;
			buildConfigurationList = 2E06660D233BB1D900B8275C /* Build configuration list for PBXNativeTarget "WorkWithRealm" */;
			buildPhases = (
				2E0665F7233BB1D600B8275C /* Sources */,
				2E0665F8233BB1D600B8275C /* Frameworks */,
				2E0665F9233BB1D600B8275C /* Resources */,
				2E066610233BB61E00B8275C /* ShellScript */,
			);
			buildRules = (
			);
			dependencies = (
			);
			name = WorkWithRealm;
			productName = WorkWithRealm;
			productReference = 2E0665FB233BB1D600B8275C /* WorkWithRealm.app */;
			productType = "com.apple.product-type.application";
		};
/* End PBXNativeTarget section */

/* Begin PBXProject section */
		2E0665F3233BB1D600B8275C /* Project object */ = {
			isa = PBXProject;
			attributes = {
				LastSwiftUpdateCheck = 1030;
				LastUpgradeCheck = 1030;
				ORGANIZATIONNAME = "Egor Syrtcov";
				TargetAttributes = {
					2E0665FA233BB1D600B8275C = {
						CreatedOnToolsVersion = 10.3;
					};
				};
			};
			buildConfigurationList = 2E0665F6233BB1D600B8275C /* Build configuration list for PBXProject "WorkWithRealm" */;
			compatibilityVersion = "Xcode 9.3";
			developmentRegion = en;
			hasScannedForEncodings = 0;
			knownRegions = (
				en,
				Base,
			);
			mainGroup = 2E0665F2233BB1D600B8275C;
			productRefGroup = 2E0665FC233BB1D600B8275C /* Products */;
			projectDirPath = "";
			projectRoot = "";
			targets = (
				2E0665FA233BB1D600B8275C /* WorkWithRealm */,
			);
		};
/* End PBXProject section */

/* Begin PBXResourcesBuildPhase section */
		2E0665F9233BB1D600B8275C /* Resources */ = {
			isa = PBXResourcesBuildPhase;
			buildActionMask = 2147483647;
			files = (
				2E066609233BB1D900B8275C /* LaunchScreen.storyboard in Resources */,
				2E066606233BB1D900B8275C /* Assets.xcassets in Resources */,
			);
			runOnlyForDeploymentPostprocessing = 0;
		};
/* End PBXResourcesBuildPhase section */

/* Begin PBXShellScriptBuildPhase section */
		2E066610233BB61E00B8275C /* ShellScript */ = {
			isa = PBXShellScriptBuildPhase;
			buildActionMask = 2147483647;
			files = (
			);
			inputFileListPaths = (
			);
			inputPaths = (
				"$(SRCROOT)/Carthage/Build/iOS/SnapKit.framework/",
				"$(SRCROOT)/Carthage/Build/iOS/Realm.framework/",
				"$(SRCROOT)/Carthage/Build/iOS/RealmSwift.framework/",
			);
			outputFileListPaths = (
			);
			outputPaths = (
			);
			runOnlyForDeploymentPostprocessing = 0;
			shellPath = /bin/sh;
			shellScript = "/usr/local/bin/carthage copy-frameworks\n";
		};
/* End PBXShellScriptBuildPhase section */

/* Begin PBXSourcesBuildPhase section */
		2E0665F7233BB1D600B8275C /* Sources */ = {
			isa = PBXSourcesBuildPhase;
			buildActionMask = 2147483647;
			files = (
				2EB6033A233CACA500B24E0A /* Task.swift in Sources */,
				2EB60338233CAC9700B24E0A /* TaskLists.swift in Sources */,
				2EB60340233CC9B400B24E0A /* StorageManager.swift in Sources */,
				2E066601233BB1D600B8275C /* MainViewController.swift in Sources */,
				2E0665FF233BB1D600B8275C /* AppDelegate.swift in Sources */,
			);
			runOnlyForDeploymentPostprocessing = 0;
		};
/* End PBXSourcesBuildPhase section */

/* Begin PBXVariantGroup section */
		2E066607233BB1D900B8275C /* LaunchScreen.storyboard */ = {
			isa = PBXVariantGroup;
			children = (
				2E066608233BB1D900B8275C /* Base */,
			);
			name = LaunchScreen.storyboard;
			sourceTree = "<group>";
		};
/* End PBXVariantGroup section */

/* Begin XCBuildConfiguration section */
		2E06660B233BB1D900B8275C /* Debug */ = {
			isa = XCBuildConfiguration;
			buildSettings = {
				ALWAYS_SEARCH_USER_PATHS = NO;
				CLANG_ANALYZER_NONNULL = YES;
				CLANG_ANALYZER_NUMBER_OBJECT_CONVERSION = YES_AGGRESSIVE;
				CLANG_CXX_LANGUAGE_STANDARD = "gnu++14";
				CLANG_CXX_LIBRARY = "libc++";
				CLANG_ENABLE_MODULES = YES;
				CLANG_ENABLE_OBJC_ARC = YES;
				CLANG_ENABLE_OBJC_WEAK = YES;
				CLANG_WARN_BLOCK_CAPTURE_AUTORELEASING = YES;
				CLANG_WARN_BOOL_CONVERSION = YES;
				CLANG_WARN_COMMA = YES;
				CLANG_WARN_CONSTANT_CONVERSION = YES;
				CLANG_WARN_DEPRECATED_OBJC_IMPLEMENTATIONS = YES;
				CLANG_WARN_DIRECT_OBJC_ISA_USAGE = YES_ERROR;
				CLANG_WARN_DOCUMENTATION_COMMENTS = YES;
				CLANG_WARN_EMPTY_BODY = YES;
				CLANG_WARN_ENUM_CONVERSION = YES;
				CLANG_WARN_INFINITE_RECURSION = YES;
				CLANG_WARN_INT_CONVERSION = YES;
				CLANG_WARN_NON_LITERAL_NULL_CONVERSION = YES;
				CLANG_WARN_OBJC_IMPLICIT_RETAIN_SELF = YES;
				CLANG_WARN_OBJC_LITERAL_CONVERSION = YES;
				CLANG_WARN_OBJC_ROOT_CLASS = YES_ERROR;
				CLANG_WARN_RANGE_LOOP_ANALYSIS = YES;
				CLANG_WARN_STRICT_PROTOTYPES = YES;
				CLANG_WARN_SUSPICIOUS_MOVE = YES;
				CLANG_WARN_UNGUARDED_AVAILABILITY = YES_AGGRESSIVE;
				CLANG_WARN_UNREACHABLE_CODE = YES;
				CLANG_WARN__DUPLICATE_METHOD_MATCH = YES;
				CODE_SIGN_IDENTITY = "iPhone Developer";
				COPY_PHASE_STRIP = NO;
				DEBUG_INFORMATION_FORMAT = dwarf;
				ENABLE_STRICT_OBJC_MSGSEND = YES;
				ENABLE_TESTABILITY = YES;
				GCC_C_LANGUAGE_STANDARD = gnu11;
				GCC_DYNAMIC_NO_PIC = NO;
				GCC_NO_COMMON_BLOCKS = YES;
				GCC_OPTIMIZATION_LEVEL = 0;
				GCC_PREPROCESSOR_DEFINITIONS = (
					"DEBUG=1",
					"$(inherited)",
				);
				GCC_WARN_64_TO_32_BIT_CONVERSION = YES;
				GCC_WARN_ABOUT_RETURN_TYPE = YES_ERROR;
				GCC_WARN_UNDECLARED_SELECTOR = YES;
				GCC_WARN_UNINITIALIZED_AUTOS = YES_AGGRESSIVE;
				GCC_WARN_UNUSED_FUNCTION = YES;
				GCC_WARN_UNUSED_VARIABLE = YES;
				IPHONEOS_DEPLOYMENT_TARGET = 12.4;
				MTL_ENABLE_DEBUG_INFO = INCLUDE_SOURCE;
				MTL_FAST_MATH = YES;
				ONLY_ACTIVE_ARCH = YES;
				SDKROOT = iphoneos;
				SWIFT_ACTIVE_COMPILATION_CONDITIONS = DEBUG;
				SWIFT_OPTIMIZATION_LEVEL = "-Onone";
			};
			name = Debug;
		};
		2E06660C233BB1D900B8275C /* Release */ = {
			isa = XCBuildConfiguration;
			buildSettings = {
				ALWAYS_SEARCH_USER_PATHS = NO;
				CLANG_ANALYZER_NONNULL = YES;
				CLANG_ANALYZER_NUMBER_OBJECT_CONVERSION = YES_AGGRESSIVE;
				CLANG_CXX_LANGUAGE_STANDARD = "gnu++14";
				CLANG_CXX_LIBRARY = "libc++";
				CLANG_ENABLE_MODULES = YES;
				CLANG_ENABLE_OBJC_ARC = YES;
				CLANG_ENABLE_OBJC_WEAK = YES;
				CLANG_WARN_BLOCK_CAPTURE_AUTORELEASING = YES;
				CLANG_WARN_BOOL_CONVERSION = YES;
				CLANG_WARN_COMMA = YES;
				CLANG_WARN_CONSTANT_CONVERSION = YES;
				CLANG_WARN_DEPRECATED_OBJC_IMPLEMENTATIONS = YES;
				CLANG_WARN_DIRECT_OBJC_ISA_USAGE = YES_ERROR;
				CLANG_WARN_DOCUMENTATION_COMMENTS = YES;
				CLANG_WARN_EMPTY_BODY = YES;
				CLANG_WARN_ENUM_CONVERSION = YES;
				CLANG_WARN_INFINITE_RECURSION = YES;
				CLANG_WARN_INT_CONVERSION = YES;
				CLANG_WARN_NON_LITERAL_NULL_CONVERSION = YES;
				CLANG_WARN_OBJC_IMPLICIT_RETAIN_SELF = YES;
				CLANG_WARN_OBJC_LITERAL_CONVERSION = YES;
				CLANG_WARN_OBJC_ROOT_CLASS = YES_ERROR;
				CLANG_WARN_RANGE_LOOP_ANALYSIS = YES;
				CLANG_WARN_STRICT_PROTOTYPES = YES;
				CLANG_WARN_SUSPICIOUS_MOVE = YES;
				CLANG_WARN_UNGUARDED_AVAILABILITY = YES_AGGRESSIVE;
				CLANG_WARN_UNREACHABLE_CODE = YES;
				CLANG_WARN__DUPLICATE_METHOD_MATCH = YES;
				CODE_SIGN_IDENTITY = "iPhone Developer";
				COPY_PHASE_STRIP = NO;
				DEBUG_INFORMATION_FORMAT = "dwarf-with-dsym";
				ENABLE_NS_ASSERTIONS = NO;
				ENABLE_STRICT_OBJC_MSGSEND = YES;
				GCC_C_LANGUAGE_STANDARD = gnu11;
				GCC_NO_COMMON_BLOCKS = YES;
				GCC_WARN_64_TO_32_BIT_CONVERSION = YES;
				GCC_WARN_ABOUT_RETURN_TYPE = YES_ERROR;
				GCC_WARN_UNDECLARED_SELECTOR = YES;
				GCC_WARN_UNINITIALIZED_AUTOS = YES_AGGRESSIVE;
				GCC_WARN_UNUSED_FUNCTION = YES;
				GCC_WARN_UNUSED_VARIABLE = YES;
				IPHONEOS_DEPLOYMENT_TARGET = 12.4;
				MTL_ENABLE_DEBUG_INFO = NO;
				MTL_FAST_MATH = YES;
				SDKROOT = iphoneos;
				SWIFT_COMPILATION_MODE = wholemodule;
				SWIFT_OPTIMIZATION_LEVEL = "-O";
				VALIDATE_PRODUCT = YES;
			};
			name = Release;
		};
		2E06660E233BB1D900B8275C /* Debug */ = {
			isa = XCBuildConfiguration;
			buildSettings = {
				ASSETCATALOG_COMPILER_APPICON_NAME = AppIcon;
				CODE_SIGN_STYLE = Automatic;
				DEVELOPMENT_TEAM = FFYJJ79MSE;
				FRAMEWORK_SEARCH_PATHS = (
					"$(inherited)",
					"$(PROJECT_DIR)/Carthage/Build/iOS",
				);
				INFOPLIST_FILE = WorkWithRealm/Info.plist;
				IPHONEOS_DEPLOYMENT_TARGET = 12.0;
				LD_RUNPATH_SEARCH_PATHS = (
					"$(inherited)",
					"@executable_path/Frameworks",
				);
				PRODUCT_BUNDLE_IDENTIFIER = "Egor-Syrtcov.WorkWithRealm";
				PRODUCT_NAME = "$(TARGET_NAME)";
				SWIFT_VERSION = 5.0;
				TARGETED_DEVICE_FAMILY = "1,2";
			};
			name = Debug;
		};
		2E06660F233BB1D900B8275C /* Release */ = {
			isa = XCBuildConfiguration;
			buildSettings = {
				ASSETCATALOG_COMPILER_APPICON_NAME = AppIcon;
				CODE_SIGN_STYLE = Automatic;
				DEVELOPMENT_TEAM = FFYJJ79MSE;
				FRAMEWORK_SEARCH_PATHS = (
					"$(inherited)",
					"$(PROJECT_DIR)/Carthage/Build/iOS",
				);
				INFOPLIST_FILE = WorkWithRealm/Info.plist;
				IPHONEOS_DEPLOYMENT_TARGET = 12.0;
				LD_RUNPATH_SEARCH_PATHS = (
					"$(inherited)",
					"@executable_path/Frameworks",
				);
				PRODUCT_BUNDLE_IDENTIFIER = "Egor-Syrtcov.WorkWithRealm";
				PRODUCT_NAME = "$(TARGET_NAME)";
				SWIFT_VERSION = 5.0;
				TARGETED_DEVICE_FAMILY = "1,2";
			};
			name = Release;
		};
/* End XCBuildConfiguration section */

/* Begin XCConfigurationList section */
		2E0665F6233BB1D600B8275C /* Build configuration list for PBXProject "WorkWithRealm" */ = {
			isa = XCConfigurationList;
			buildConfigurations = (
				2E06660B233BB1D900B8275C /* Debug */,
				2E06660C233BB1D900B8275C /* Release */,
			);
			defaultConfigurationIsVisible = 0;
			defaultConfigurationName = Release;
		};
		2E06660D233BB1D900B8275C /* Build configuration list for PBXNativeTarget "WorkWithRealm" */ = {
			isa = XCConfigurationList;
			buildConfigurations = (
				2E06660E233BB1D900B8275C /* Debug */,
				2E06660F233BB1D900B8275C /* Release */,
			);
			defaultConfigurationIsVisible = 0;
			defaultConfigurationName = Release;
		};
/* End XCConfigurationList section */
	};
	rootObject = 2E0665F3233BB1D600B8275C /* Project object */;
}
